
Microsoft Visual Studio Solution File, Format Version 12.00
# Visual Studio 15
VisualStudioVersion = 15.0.27428.2037
MinimumVisualStudioVersion = 10.0.40219.1
Project("{9A19103F-16F7-4668-BE54-9A1E7A4F7556}") = "NosCore.Travis", "NosCore.Travis\NosCore.Travis.csproj", "{7B4B963E-D3EC-453D-B34F-957961A0B694}"
EndProject
Global
	GlobalSection(SolutionConfigurationPlatforms) = preSolution
		Debug|Any CPU = Debug|Any CPU
		Release|Any CPU = Release|Any CPU
	EndGlobalSection
	GlobalSection(ProjectConfigurationPlatforms) = postSolution
		{7B4B963E-D3EC-453D-B34F-957961A0B694}.Debug|Any CPU.ActiveCfg = Debug|Any CPU
		{7B4B963E-D3EC-453D-B34F-957961A0B694}.Debug|Any CPU.Build.0 = Debug|Any CPU
		{7B4B963E-D3EC-453D-B34F-957961A0B694}.Release|Any CPU.ActiveCfg = Release|Any CPU
		{7B4B963E-D3EC-453D-B34F-957961A0B694}.Release|Any CPU.Build.0 = Release|Any CPU
	EndGlobalSection
	GlobalSection(SolutionProperties) = preSolution
		HideSolutionNode = FALSE
	EndGlobalSection
	GlobalSection(ExtensibilityGlobals) = postSolution
		SolutionGuid = {719807D2-F998-4027-8D9F-FD36DB00E7CC}
	EndGlobalSection
EndGlobal
