
Microsoft Visual Studio Solution File, Format Version 12.00
# Visual Studio Version 16
VisualStudioVersion = 16.0.29418.71
MinimumVisualStudioVersion = 10.0.40219.1
Project("{9A19103F-16F7-4668-BE54-9A1E7A4F7556}") = "NosCore.Travis", "NosCore.Travis\NosCore.Travis\NosCore.Travis.csproj", "{7B4B963E-D3EC-453D-B34F-957961A0B694}"
EndProject
Project("{FAE04EC0-301F-11D3-BF4B-00C04F79EFBC}") = "NosCore.Travis.Runner", "NosCore.Travis\NosCore.Travis.Runner\NosCore.Travis.Runner.csproj", "{51574C3F-CB53-4B09-89C8-FD1D38C5DA47}"
EndProject
Global
	GlobalSection(SolutionConfigurationPlatforms) = preSolution
		Debug|Any CPU = Debug|Any CPU
		Release|Any CPU = Release|Any CPU
	EndGlobalSection
	GlobalSection(ProjectConfigurationPlatforms) = postSolution
		{7B4B963E-D3EC-453D-B34F-957961A0B694}.Debug|Any CPU.ActiveCfg = Debug|Any CPU
		{7B4B963E-D3EC-453D-B34F-957961A0B694}.Debug|Any CPU.Build.0 = Debug|Any CPU
		{7B4B963E-D3EC-453D-B34F-957961A0B694}.Release|Any CPU.ActiveCfg = Release|Any CPU
		{7B4B963E-D3EC-453D-B34F-957961A0B694}.Release|Any CPU.Build.0 = Release|Any CPU
		{51574C3F-CB53-4B09-89C8-FD1D38C5DA47}.Debug|Any CPU.ActiveCfg = Debug|Any CPU
		{51574C3F-CB53-4B09-89C8-FD1D38C5DA47}.Debug|Any CPU.Build.0 = Debug|Any CPU
		{51574C3F-CB53-4B09-89C8-FD1D38C5DA47}.Release|Any CPU.ActiveCfg = Release|Any CPU
		{51574C3F-CB53-4B09-89C8-FD1D38C5DA47}.Release|Any CPU.Build.0 = Release|Any CPU
	EndGlobalSection
	GlobalSection(SolutionProperties) = preSolution
		HideSolutionNode = FALSE
	EndGlobalSection
	GlobalSection(ExtensibilityGlobals) = postSolution
		SolutionGuid = {719807D2-F998-4027-8D9F-FD36DB00E7CC}
	EndGlobalSection
EndGlobal
